
Microsoft Visual Studio Solution File, Format Version 12.00
# Visual Studio 2012
Project("{F2A71F9B-5D33-465A-A702-920D77279786}") = "Phoneword-Fsharp", "Phoneword-Fsharp\Phoneword-Fsharp.fsproj", "{263B2F39-1D94-4DD6-89F0-2FE3374E21D2}"
EndProject
Global
	GlobalSection(SolutionConfigurationPlatforms) = preSolution
		Debug|iPhoneSimulator = Debug|iPhoneSimulator
		Release|iPhone = Release|iPhone
		Release|iPhoneSimulator = Release|iPhoneSimulator
		Debug|iPhone = Debug|iPhone
	EndGlobalSection
	GlobalSection(ProjectConfigurationPlatforms) = postSolution
		{263B2F39-1D94-4DD6-89F0-2FE3374E21D2}.Debug|iPhoneSimulator.ActiveCfg = Debug|iPhoneSimulator
		{263B2F39-1D94-4DD6-89F0-2FE3374E21D2}.Debug|iPhoneSimulator.Build.0 = Debug|iPhoneSimulator
		{263B2F39-1D94-4DD6-89F0-2FE3374E21D2}.Release|iPhone.ActiveCfg = Release|iPhone
		{263B2F39-1D94-4DD6-89F0-2FE3374E21D2}.Release|iPhone.Build.0 = Release|iPhone
		{263B2F39-1D94-4DD6-89F0-2FE3374E21D2}.Release|iPhoneSimulator.ActiveCfg = Release|iPhoneSimulator
		{263B2F39-1D94-4DD6-89F0-2FE3374E21D2}.Release|iPhoneSimulator.Build.0 = Release|iPhoneSimulator
		{263B2F39-1D94-4DD6-89F0-2FE3374E21D2}.Debug|iPhone.ActiveCfg = Debug|iPhone
		{263B2F39-1D94-4DD6-89F0-2FE3374E21D2}.Debug|iPhone.Build.0 = Debug|iPhone
	EndGlobalSection
EndGlobal
